
Microsoft Visual Studio Solution File, Format Version 12.00
# Visual Studio Version 17
VisualStudioVersion = 17.11.35303.130
MinimumVisualStudioVersion = 10.0.40219.1
Project("{FAE04EC0-301F-11D3-BF4B-00C04F79EFBC}") = "Modul11pr", "Modul11pr\Modul11pr.csproj", "{C5D7E8D3-79B8-4C9E-AA83-7A8A6BF224D0}"
EndProject
Project("{FAE04EC0-301F-11D3-BF4B-00C04F79EFBC}") = "Component", "Component\Component.csproj", "{95FC575E-6039-4872-88BB-9FD0C9728963}"
EndProject
Global
	GlobalSection(SolutionConfigurationPlatforms) = preSolution
		Debug|Any CPU = Debug|Any CPU
		Release|Any CPU = Release|Any CPU
	EndGlobalSection
	GlobalSection(ProjectConfigurationPlatforms) = postSolution
		{C5D7E8D3-79B8-4C9E-AA83-7A8A6BF224D0}.Debug|Any CPU.ActiveCfg = Debug|Any CPU
		{C5D7E8D3-79B8-4C9E-AA83-7A8A6BF224D0}.Debug|Any CPU.Build.0 = Debug|Any CPU
		{C5D7E8D3-79B8-4C9E-AA83-7A8A6BF224D0}.Release|Any CPU.ActiveCfg = Release|Any CPU
		{C5D7E8D3-79B8-4C9E-AA83-7A8A6BF224D0}.Release|Any CPU.Build.0 = Release|Any CPU
		{95FC575E-6039-4872-88BB-9FD0C9728963}.Debug|Any CPU.ActiveCfg = Debug|Any CPU
		{95FC575E-6039-4872-88BB-9FD0C9728963}.Debug|Any CPU.Build.0 = Debug|Any CPU
		{95FC575E-6039-4872-88BB-9FD0C9728963}.Release|Any CPU.ActiveCfg = Release|Any CPU
		{95FC575E-6039-4872-88BB-9FD0C9728963}.Release|Any CPU.Build.0 = Release|Any CPU
	EndGlobalSection
	GlobalSection(SolutionProperties) = preSolution
		HideSolutionNode = FALSE
	EndGlobalSection
	GlobalSection(ExtensibilityGlobals) = postSolution
		SolutionGuid = {B70F3497-9873-4AFA-8382-1CFE52072DF3}
	EndGlobalSection
EndGlobal
